
Microsoft Visual Studio Solution File, Format Version 12.00
# Visual Studio 15
VisualStudioVersion = 15.0.28307.1267
MinimumVisualStudioVersion = 10.0.40219.1
Project("{FAE04EC0-301F-11D3-BF4B-00C04F79EFBC}") = "Ultra Pass", "Ultra Pass\Ultra Pass.csproj", "{F74103B3-5B08-4DB3-B4EA-637750055428}"
EndProject
Global
	GlobalSection(SolutionConfigurationPlatforms) = preSolution
		Debug|Any CPU = Debug|Any CPU
		Release|Any CPU = Release|Any CPU
	EndGlobalSection
	GlobalSection(ProjectConfigurationPlatforms) = postSolution
		{F74103B3-5B08-4DB3-B4EA-637750055428}.Debug|Any CPU.ActiveCfg = Debug|Any CPU
		{F74103B3-5B08-4DB3-B4EA-637750055428}.Debug|Any CPU.Build.0 = Debug|Any CPU
		{F74103B3-5B08-4DB3-B4EA-637750055428}.Release|Any CPU.ActiveCfg = Release|Any CPU
		{F74103B3-5B08-4DB3-B4EA-637750055428}.Release|Any CPU.Build.0 = Release|Any CPU
	EndGlobalSection
	GlobalSection(SolutionProperties) = preSolution
		HideSolutionNode = FALSE
	EndGlobalSection
	GlobalSection(ExtensibilityGlobals) = postSolution
		SolutionGuid = {49756A52-A98E-41DC-87A2-AEC76628A125}
	EndGlobalSection
EndGlobal
